
Microsoft Visual Studio Solution File, Format Version 12.00
# Visual Studio 15
VisualStudioVersion = 15.0.28010.2003
MinimumVisualStudioVersion = 10.0.40219.1
Project("{9A19103F-16F7-4668-BE54-9A1E7A4F7556}") = "TriggersTools.FileFind", "src\TriggersTools.FileFind\TriggersTools.FileFind.csproj", "{53B386FC-71E7-4D89-88CB-99AE45D1245D}"
EndProject
Project("{9A19103F-16F7-4668-BE54-9A1E7A4F7556}") = "TriggersTools.FileFind.Demo", "samples\TriggersTools.FileFind.Sample\TriggersTools.FileFind.Demo.csproj", "{A746E1E2-E197-4A11-B761-D84E09BF60E6}"
EndProject
Global
	GlobalSection(SolutionConfigurationPlatforms) = preSolution
		Debug|Any CPU = Debug|Any CPU
		Release|Any CPU = Release|Any CPU
	EndGlobalSection
	GlobalSection(ProjectConfigurationPlatforms) = postSolution
		{53B386FC-71E7-4D89-88CB-99AE45D1245D}.Debug|Any CPU.ActiveCfg = Debug|Any CPU
		{53B386FC-71E7-4D89-88CB-99AE45D1245D}.Debug|Any CPU.Build.0 = Debug|Any CPU
		{53B386FC-71E7-4D89-88CB-99AE45D1245D}.Release|Any CPU.ActiveCfg = Release|Any CPU
		{53B386FC-71E7-4D89-88CB-99AE45D1245D}.Release|Any CPU.Build.0 = Release|Any CPU
		{A746E1E2-E197-4A11-B761-D84E09BF60E6}.Debug|Any CPU.ActiveCfg = Debug|Any CPU
		{A746E1E2-E197-4A11-B761-D84E09BF60E6}.Debug|Any CPU.Build.0 = Debug|Any CPU
		{A746E1E2-E197-4A11-B761-D84E09BF60E6}.Release|Any CPU.ActiveCfg = Release|Any CPU
		{A746E1E2-E197-4A11-B761-D84E09BF60E6}.Release|Any CPU.Build.0 = Release|Any CPU
	EndGlobalSection
	GlobalSection(SolutionProperties) = preSolution
		HideSolutionNode = FALSE
	EndGlobalSection
	GlobalSection(ExtensibilityGlobals) = postSolution
		SolutionGuid = {176B17DD-758E-4DF7-A612-F585B0B0A4FB}
	EndGlobalSection
EndGlobal
